
Microsoft Visual Studio Solution File, Format Version 12.00
# Visual Studio 14
VisualStudioVersion = 14.0.23107.0
MinimumVisualStudioVersion = 10.0.40219.1
Project("{FAE04EC0-301F-11D3-BF4B-00C04F79EFBC}") = "Umbraco.RelationEditor.Web", "Umbraco.RelationEditor.Web\Umbraco.RelationEditor.Web.csproj", "{ECF870ED-CFF0-4C65-90F6-1B85C5BC4A93}"
EndProject
Project("{FAE04EC0-301F-11D3-BF4B-00C04F79EFBC}") = "Umbraco.RelationEditor", "Umbraco.RelationEditor\Umbraco.RelationEditor.csproj", "{CD233AE0-2E7F-4A97-A45E-B6A759B41F67}"
EndProject
Project("{FAE04EC0-301F-11D3-BF4B-00C04F79EFBC}") = "Umbraco.RelationEditor.Tests", "Umbraco.RelationEditor.Tests\Umbraco.RelationEditor.Tests.csproj", "{1F10C3B0-4F95-412E-B2C1-4B47E3E138A3}"
EndProject
Project("{2150E333-8FDC-42A3-9474-1A3956D46DE8}") = "Readmes", "Readmes", "{9F826BBD-9271-459B-A5E1-D2B810350914}"
	ProjectSection(SolutionItems) = preProject
		readme.txt = readme.txt
	EndProjectSection
EndProject
Project("{2150E333-8FDC-42A3-9474-1A3956D46DE8}") = "Packaging", "Packaging", "{E55B2F50-B0E5-49FC-9A18-3ED0C054D41E}"
	ProjectSection(SolutionItems) = preProject
		MakeUmbracoPackage.proj = MakeUmbracoPackage.proj
		package.xml = package.xml
	EndProjectSection
EndProject
Project("{2150E333-8FDC-42A3-9474-1A3956D46DE8}") = ".nuget", ".nuget", "{FD51A2F3-CE6D-465D-A363-C87D09FF6BAA}"
	ProjectSection(SolutionItems) = preProject
		.nuget\NuGet.Config = .nuget\NuGet.Config
		.nuget\NuGet.exe = .nuget\NuGet.exe
		.nuget\NuGet.targets = .nuget\NuGet.targets
	EndProjectSection
EndProject
Project("{2150E333-8FDC-42A3-9474-1A3956D46DE8}") = "Solution Items", "Solution Items", "{1B06B8D0-8CFC-43C4-AFFE-B1904688108E}"
	ProjectSection(SolutionItems) = preProject
		Performance1.psess = Performance1.psess
	EndProjectSection
EndProject
Global
	GlobalSection(SolutionConfigurationPlatforms) = preSolution
		Debug|Any CPU = Debug|Any CPU
		Release|Any CPU = Release|Any CPU
	EndGlobalSection
	GlobalSection(ProjectConfigurationPlatforms) = postSolution
		{ECF870ED-CFF0-4C65-90F6-1B85C5BC4A93}.Debug|Any CPU.ActiveCfg = Debug|Any CPU
		{ECF870ED-CFF0-4C65-90F6-1B85C5BC4A93}.Debug|Any CPU.Build.0 = Debug|Any CPU
		{ECF870ED-CFF0-4C65-90F6-1B85C5BC4A93}.Release|Any CPU.ActiveCfg = Release|Any CPU
		{ECF870ED-CFF0-4C65-90F6-1B85C5BC4A93}.Release|Any CPU.Build.0 = Release|Any CPU
		{CD233AE0-2E7F-4A97-A45E-B6A759B41F67}.Debug|Any CPU.ActiveCfg = Debug|Any CPU
		{CD233AE0-2E7F-4A97-A45E-B6A759B41F67}.Debug|Any CPU.Build.0 = Debug|Any CPU
		{CD233AE0-2E7F-4A97-A45E-B6A759B41F67}.Release|Any CPU.ActiveCfg = Release|Any CPU
		{CD233AE0-2E7F-4A97-A45E-B6A759B41F67}.Release|Any CPU.Build.0 = Release|Any CPU
		{1F10C3B0-4F95-412E-B2C1-4B47E3E138A3}.Debug|Any CPU.ActiveCfg = Debug|Any CPU
		{1F10C3B0-4F95-412E-B2C1-4B47E3E138A3}.Debug|Any CPU.Build.0 = Debug|Any CPU
		{1F10C3B0-4F95-412E-B2C1-4B47E3E138A3}.Release|Any CPU.ActiveCfg = Release|Any CPU
		{1F10C3B0-4F95-412E-B2C1-4B47E3E138A3}.Release|Any CPU.Build.0 = Release|Any CPU
	EndGlobalSection
	GlobalSection(SolutionProperties) = preSolution
		HideSolutionNode = FALSE
	EndGlobalSection
EndGlobal
